
Microsoft Visual Studio Solution File, Format Version 12.00
# Visual Studio Version 17
VisualStudioVersion = 17.2.32210.308
MinimumVisualStudioVersion = 10.0.40219.1
Project("{9A19103F-16F7-4668-BE54-9A1E7A4F7556}") = "LogMessageGenerator.Integration", "..\LogMessageGenerator.Integration\LogMessageGenerator.Integration.csproj", "{12AE27C0-521D-4844-9765-2A35C753E6AE}"
EndProject
Global
	GlobalSection(SolutionConfigurationPlatforms) = preSolution
		Debug|Any CPU = Debug|Any CPU
		Release|Any CPU = Release|Any CPU
	EndGlobalSection
	GlobalSection(ProjectConfigurationPlatforms) = postSolution
		{12AE27C0-521D-4844-9765-2A35C753E6AE}.Debug|Any CPU.ActiveCfg = Debug|Any CPU
		{12AE27C0-521D-4844-9765-2A35C753E6AE}.Debug|Any CPU.Build.0 = Debug|Any CPU
		{12AE27C0-521D-4844-9765-2A35C753E6AE}.Release|Any CPU.ActiveCfg = Release|Any CPU
		{12AE27C0-521D-4844-9765-2A35C753E6AE}.Release|Any CPU.Build.0 = Release|Any CPU
	EndGlobalSection
	GlobalSection(SolutionProperties) = preSolution
		HideSolutionNode = FALSE
	EndGlobalSection
	GlobalSection(ExtensibilityGlobals) = postSolution
		SolutionGuid = {AC115D3F-896E-49DD-9538-7E73A209734D}
	EndGlobalSection
EndGlobal
